
Microsoft Visual Studio Solution File, Format Version 12.00
# Visual Studio 15
VisualStudioVersion = 15.0.28010.2050
MinimumVisualStudioVersion = 10.0.40219.1
Project("{FAE04EC0-301F-11D3-BF4B-00C04F79EFBC}") = "deepLearningNPL", "deepLearningNPL\deepLearningNPL.csproj", "{DEA2F665-620F-4305-9A75-2AA27A975164}"
EndProject
Global
	GlobalSection(SolutionConfigurationPlatforms) = preSolution
		Debug|Any CPU = Debug|Any CPU
		Debug|x64 = Debug|x64
		Release|Any CPU = Release|Any CPU
		Release|x64 = Release|x64
	EndGlobalSection
	GlobalSection(ProjectConfigurationPlatforms) = postSolution
		{DEA2F665-620F-4305-9A75-2AA27A975164}.Debug|Any CPU.ActiveCfg = Debug|Any CPU
		{DEA2F665-620F-4305-9A75-2AA27A975164}.Debug|Any CPU.Build.0 = Debug|Any CPU
		{DEA2F665-620F-4305-9A75-2AA27A975164}.Debug|x64.ActiveCfg = Debug|x64
		{DEA2F665-620F-4305-9A75-2AA27A975164}.Debug|x64.Build.0 = Debug|x64
		{DEA2F665-620F-4305-9A75-2AA27A975164}.Release|Any CPU.ActiveCfg = Release|Any CPU
		{DEA2F665-620F-4305-9A75-2AA27A975164}.Release|Any CPU.Build.0 = Release|Any CPU
		{DEA2F665-620F-4305-9A75-2AA27A975164}.Release|x64.ActiveCfg = Release|x64
		{DEA2F665-620F-4305-9A75-2AA27A975164}.Release|x64.Build.0 = Release|x64
	EndGlobalSection
	GlobalSection(SolutionProperties) = preSolution
		HideSolutionNode = FALSE
	EndGlobalSection
	GlobalSection(ExtensibilityGlobals) = postSolution
		SolutionGuid = {5199E758-5459-4E1F-AEE1-3C0B1840349F}
	EndGlobalSection
EndGlobal
